
Microsoft Visual Studio Solution File, Format Version 12.00
# Visual Studio Version 16
VisualStudioVersion = 16.0.30621.155
MinimumVisualStudioVersion = 10.0.40219.1
Project("{FAE04EC0-301F-11D3-BF4B-00C04F79EFBC}") = "Cooking", "Cooking\Cooking.csproj", "{B341ABA0-4EE4-43D1-A63C-872AFFB13918}"
EndProject
Project("{FAE04EC0-301F-11D3-BF4B-00C04F79EFBC}") = "SellingExam", "SellingExam\SellingExam.csproj", "{51163D46-E53A-4384-9F85-C3526B28EE0B}"
EndProject
Global
	GlobalSection(SolutionConfigurationPlatforms) = preSolution
		Debug|Any CPU = Debug|Any CPU
		Release|Any CPU = Release|Any CPU
	EndGlobalSection
	GlobalSection(ProjectConfigurationPlatforms) = postSolution
		{B341ABA0-4EE4-43D1-A63C-872AFFB13918}.Debug|Any CPU.ActiveCfg = Debug|Any CPU
		{B341ABA0-4EE4-43D1-A63C-872AFFB13918}.Debug|Any CPU.Build.0 = Debug|Any CPU
		{B341ABA0-4EE4-43D1-A63C-872AFFB13918}.Release|Any CPU.ActiveCfg = Release|Any CPU
		{B341ABA0-4EE4-43D1-A63C-872AFFB13918}.Release|Any CPU.Build.0 = Release|Any CPU
		{51163D46-E53A-4384-9F85-C3526B28EE0B}.Debug|Any CPU.ActiveCfg = Debug|Any CPU
		{51163D46-E53A-4384-9F85-C3526B28EE0B}.Debug|Any CPU.Build.0 = Debug|Any CPU
		{51163D46-E53A-4384-9F85-C3526B28EE0B}.Release|Any CPU.ActiveCfg = Release|Any CPU
		{51163D46-E53A-4384-9F85-C3526B28EE0B}.Release|Any CPU.Build.0 = Release|Any CPU
	EndGlobalSection
	GlobalSection(SolutionProperties) = preSolution
		HideSolutionNode = FALSE
	EndGlobalSection
	GlobalSection(ExtensibilityGlobals) = postSolution
		SolutionGuid = {5BDEAD0C-2DF6-4BCE-8449-F4FDA554F38B}
	EndGlobalSection
EndGlobal
