
Microsoft Visual Studio Solution File, Format Version 12.00
# Visual Studio Version 16
VisualStudioVersion = 16.0.32510.428
MinimumVisualStudioVersion = 10.0.40219.1
Project("{FAE04EC0-301F-11D3-BF4B-00C04F79EFBC}") = "ClassBoxData", "EncapsulationExercise1.0\ClassBoxData.csproj", "{1A8A1EB9-62FA-4AC6-90EA-7B0526EA4867}"
EndProject
Project("{FAE04EC0-301F-11D3-BF4B-00C04F79EFBC}") = "ShoppingSpree", "ShoppingSpree\ShoppingSpree.csproj", "{3D95D9C9-4A5B-4934-98B7-A7201593271C}"
EndProject
Project("{FAE04EC0-301F-11D3-BF4B-00C04F79EFBC}") = "PizzaCalories", "PizzaCalories\PizzaCalories.csproj", "{3D4FDBB9-5586-4223-8187-0623167596B2}"
EndProject
Global
	GlobalSection(SolutionConfigurationPlatforms) = preSolution
		Debug|Any CPU = Debug|Any CPU
		Release|Any CPU = Release|Any CPU
	EndGlobalSection
	GlobalSection(ProjectConfigurationPlatforms) = postSolution
		{1A8A1EB9-62FA-4AC6-90EA-7B0526EA4867}.Debug|Any CPU.ActiveCfg = Debug|Any CPU
		{1A8A1EB9-62FA-4AC6-90EA-7B0526EA4867}.Debug|Any CPU.Build.0 = Debug|Any CPU
		{1A8A1EB9-62FA-4AC6-90EA-7B0526EA4867}.Release|Any CPU.ActiveCfg = Release|Any CPU
		{1A8A1EB9-62FA-4AC6-90EA-7B0526EA4867}.Release|Any CPU.Build.0 = Release|Any CPU
		{3D95D9C9-4A5B-4934-98B7-A7201593271C}.Debug|Any CPU.ActiveCfg = Debug|Any CPU
		{3D95D9C9-4A5B-4934-98B7-A7201593271C}.Debug|Any CPU.Build.0 = Debug|Any CPU
		{3D95D9C9-4A5B-4934-98B7-A7201593271C}.Release|Any CPU.ActiveCfg = Release|Any CPU
		{3D95D9C9-4A5B-4934-98B7-A7201593271C}.Release|Any CPU.Build.0 = Release|Any CPU
		{3D4FDBB9-5586-4223-8187-0623167596B2}.Debug|Any CPU.ActiveCfg = Debug|Any CPU
		{3D4FDBB9-5586-4223-8187-0623167596B2}.Debug|Any CPU.Build.0 = Debug|Any CPU
		{3D4FDBB9-5586-4223-8187-0623167596B2}.Release|Any CPU.ActiveCfg = Release|Any CPU
		{3D4FDBB9-5586-4223-8187-0623167596B2}.Release|Any CPU.Build.0 = Release|Any CPU
	EndGlobalSection
	GlobalSection(SolutionProperties) = preSolution
		HideSolutionNode = FALSE
	EndGlobalSection
	GlobalSection(ExtensibilityGlobals) = postSolution
		SolutionGuid = {916A915C-B7B6-4E42-86F5-8945619E6806}
	EndGlobalSection
EndGlobal
