
Microsoft Visual Studio Solution File, Format Version 12.00
# Visual Studio Version 16
VisualStudioVersion = 16.0.30621.155
MinimumVisualStudioVersion = 10.0.40219.1
Project("{FAE04EC0-301F-11D3-BF4B-00C04F79EFBC}") = "Interfaces", "Interfaces\Interfaces.csproj", "{95CF8F58-2B46-4759-ABD4-2D55F898C107}"
EndProject
Project("{FAE04EC0-301F-11D3-BF4B-00C04F79EFBC}") = "03.Telephony", "03.Telephony\03.Telephony.csproj", "{082FF68C-17FD-4BC4-9BCA-007632B6268A}"
EndProject
Project("{FAE04EC0-301F-11D3-BF4B-00C04F79EFBC}") = "03.Exercise", "03.Exercise\03.Exercise.csproj", "{258A4FC5-EB9A-44B7-8717-BBE05E354DAF}"
EndProject
Global
	GlobalSection(SolutionConfigurationPlatforms) = preSolution
		Debug|Any CPU = Debug|Any CPU
		Release|Any CPU = Release|Any CPU
	EndGlobalSection
	GlobalSection(ProjectConfigurationPlatforms) = postSolution
		{95CF8F58-2B46-4759-ABD4-2D55F898C107}.Debug|Any CPU.ActiveCfg = Debug|Any CPU
		{95CF8F58-2B46-4759-ABD4-2D55F898C107}.Debug|Any CPU.Build.0 = Debug|Any CPU
		{95CF8F58-2B46-4759-ABD4-2D55F898C107}.Release|Any CPU.ActiveCfg = Release|Any CPU
		{95CF8F58-2B46-4759-ABD4-2D55F898C107}.Release|Any CPU.Build.0 = Release|Any CPU
		{082FF68C-17FD-4BC4-9BCA-007632B6268A}.Debug|Any CPU.ActiveCfg = Debug|Any CPU
		{082FF68C-17FD-4BC4-9BCA-007632B6268A}.Debug|Any CPU.Build.0 = Debug|Any CPU
		{082FF68C-17FD-4BC4-9BCA-007632B6268A}.Release|Any CPU.ActiveCfg = Release|Any CPU
		{082FF68C-17FD-4BC4-9BCA-007632B6268A}.Release|Any CPU.Build.0 = Release|Any CPU
		{258A4FC5-EB9A-44B7-8717-BBE05E354DAF}.Debug|Any CPU.ActiveCfg = Debug|Any CPU
		{258A4FC5-EB9A-44B7-8717-BBE05E354DAF}.Debug|Any CPU.Build.0 = Debug|Any CPU
		{258A4FC5-EB9A-44B7-8717-BBE05E354DAF}.Release|Any CPU.ActiveCfg = Release|Any CPU
		{258A4FC5-EB9A-44B7-8717-BBE05E354DAF}.Release|Any CPU.Build.0 = Release|Any CPU
	EndGlobalSection
	GlobalSection(SolutionProperties) = preSolution
		HideSolutionNode = FALSE
	EndGlobalSection
	GlobalSection(ExtensibilityGlobals) = postSolution
		SolutionGuid = {A0A6988A-EEBA-4706-B498-96DE40A0B9A2}
	EndGlobalSection
EndGlobal
